{
  "name": "project_knockout",
  "version": "1.0.0",
  "lockfileVersion": 3,
  "requires": true,
  "packages": {
    "": {
      "name": "project_knockout",
      "version": "1.0.0",
      "license": "ISC",
      "dependencies": {
        "knockout": "^3.5.3"
      }
    },
    "node_modules/knockout": {
      "version": "3.5.3",
      "resolved": "https://registry.npmjs.org/knockout/-/knockout-3.5.3.tgz",
      "integrity": "sha512-6iPv8M/xDPYfsiKyEyIPcSYBt8L+FZoJS/frLT8Nq3n9kMvP+WZ6ZPehYZV5c22Qc64Ie7unmTqYqgSdCB1Taw==",
      "license": "MIT"
    }
  }
}
